// !$*UTF8*$!
{
	archiveVersion = 1;
	classes = {
	};
	objectVersion = 55;
	objects = {

/* Begin PBXBuildFile section */
		8A1501FA2710EE24004B0757 /* FinGameApp.swift in Sources */ = {isa = PBXBuildFile; fileRef = 8A1501F92710EE24004B0757 /* FinGameApp.swift */; };
		8A1501FC2710EE24004B0757 /* ContentView.swift in Sources */ = {isa = PBXBuildFile; fileRef = 8A1501FB2710EE24004B0757 /* ContentView.swift */; };
		8A1501FE2710EE25004B0757 /* Assets.xcassets in Resources */ = {isa = PBXBuildFile; fileRef = 8A1501FD2710EE25004B0757 /* Assets.xcassets */; };
		8A1502012710EE25004B0757 /* Preview Assets.xcassets in Resources */ = {isa = PBXBuildFile; fileRef = 8A1502002710EE25004B0757 /* Preview Assets.xcassets */; };
		8A1502092710FAF5004B0757 /* Card.swift in Sources */ = {isa = PBXBuildFile; fileRef = 8A1502082710FAF5004B0757 /* Card.swift */; };
		8A15020B271105C1004B0757 /* SwipeContentView.swift in Sources */ = {isa = PBXBuildFile; fileRef = 8A15020A271105C1004B0757 /* SwipeContentView.swift */; };
		8A15020D27111125004B0757 /* QuizView.swift in Sources */ = {isa = PBXBuildFile; fileRef = 8A15020C27111125004B0757 /* QuizView.swift */; };
		8A15020F27111168004B0757 /* Question.swift in Sources */ = {isa = PBXBuildFile; fileRef = 8A15020E27111168004B0757 /* Question.swift */; };
		8A15021527118BA0004B0757 /* DividerView.swift in Sources */ = {isa = PBXBuildFile; fileRef = 8A15021427118BA0004B0757 /* DividerView.swift */; };
		8AE24B602712AB8100BF147B /* InstructionView.swift in Sources */ = {isa = PBXBuildFile; fileRef = 8AE24B5F2712AB8100BF147B /* InstructionView.swift */; };
/* End PBXBuildFile section */

/* Begin PBXFileReference section */
		8A1501F62710EE24004B0757 /* FinGame.app */ = {isa = PBXFileReference; explicitFileType = wrapper.application; includeInIndex = 0; path = FinGame.app; sourceTree = BUILT_PRODUCTS_DIR; };
		8A1501F92710EE24004B0757 /* FinGameApp.swift */ = {isa = PBXFileReference; lastKnownFileType = sourcecode.swift; path = FinGameApp.swift; sourceTree = "<group>"; };
		8A1501FB2710EE24004B0757 /* ContentView.swift */ = {isa = PBXFileReference; lastKnownFileType = sourcecode.swift; path = ContentView.swift; sourceTree = "<group>"; };
		8A1501FD2710EE25004B0757 /* Assets.xcassets */ = {isa = PBXFileReference; lastKnownFileType = folder.assetcatalog; path = Assets.xcassets; sourceTree = "<group>"; };
		8A1502002710EE25004B0757 /* Preview Assets.xcassets */ = {isa = PBXFileReference; lastKnownFileType = folder.assetcatalog; path = "Preview Assets.xcassets"; sourceTree = "<group>"; };
		8A1502082710FAF5004B0757 /* Card.swift */ = {isa = PBXFileReference; lastKnownFileType = sourcecode.swift; path = Card.swift; sourceTree = "<group>"; };
		8A15020A271105C1004B0757 /* SwipeContentView.swift */ = {isa = PBXFileReference; lastKnownFileType = sourcecode.swift; path = SwipeContentView.swift; sourceTree = "<group>"; };
		8A15020C27111125004B0757 /* QuizView.swift */ = {isa = PBXFileReference; lastKnownFileType = sourcecode.swift; path = QuizView.swift; sourceTree = "<group>"; };
		8A15020E27111168004B0757 /* Question.swift */ = {isa = PBXFileReference; lastKnownFileType = sourcecode.swift; path = Question.swift; sourceTree = "<group>"; };
		8A15021427118BA0004B0757 /* DividerView.swift */ = {isa = PBXFileReference; lastKnownFileType = sourcecode.swift; path = DividerView.swift; sourceTree = "<group>"; };
		8AE24B5F2712AB8100BF147B /* InstructionView.swift */ = {isa = PBXFileReference; lastKnownFileType = sourcecode.swift; path = InstructionView.swift; sourceTree = "<group>"; };
/* End PBXFileReference section */

/* Begin PBXFrameworksBuildPhase section */
		8A1501F32710EE24004B0757 /* Frameworks */ = {
			isa = PBXFrameworksBuildPhase;
			buildActionMask = 2147483647;
			files = (
			);
			runOnlyForDeploymentPostprocessing = 0;
		};
/* End PBXFrameworksBuildPhase section */

/* Begin PBXGroup section */
		8A1501ED2710EE24004B0757 = {
			isa = PBXGroup;
			children = (
				8A1501F82710EE24004B0757 /* FinGame */,
				8A1501F72710EE24004B0757 /* Products */,
			);
			sourceTree = "<group>";
		};
		8A1501F72710EE24004B0757 /* Products */ = {
			isa = PBXGroup;
			children = (
				8A1501F62710EE24004B0757 /* FinGame.app */,
			);
			name = Products;
			sourceTree = "<group>";
		};
		8A1501F82710EE24004B0757 /* FinGame */ = {
			isa = PBXGroup;
			children = (
				8A1502072710FAE5004B0757 /* Models */,
				8A1501F92710EE24004B0757 /* FinGameApp.swift */,
				8A1501FB2710EE24004B0757 /* ContentView.swift */,
				8A15020A271105C1004B0757 /* SwipeContentView.swift */,
				8A15020C27111125004B0757 /* QuizView.swift */,
				8AE24B5F2712AB8100BF147B /* InstructionView.swift */,
				8A15021327118B7A004B0757 /* Common */,
				8A1501FD2710EE25004B0757 /* Assets.xcassets */,
				8A1501FF2710EE25004B0757 /* Preview Content */,
			);
			path = FinGame;
			sourceTree = "<group>";
		};
		8A1501FF2710EE25004B0757 /* Preview Content */ = {
			isa = PBXGroup;
			children = (
				8A1502002710EE25004B0757 /* Preview Assets.xcassets */,
			);
			path = "Preview Content";
			sourceTree = "<group>";
		};
		8A1502072710FAE5004B0757 /* Models */ = {
			isa = PBXGroup;
			children = (
				8A1502082710FAF5004B0757 /* Card.swift */,
				8A15020E27111168004B0757 /* Question.swift */,
			);
			path = Models;
			sourceTree = "<group>";
		};
		8A15021327118B7A004B0757 /* Common */ = {
			isa = PBXGroup;
			children = (
				8A15021427118BA0004B0757 /* DividerView.swift */,
			);
			path = Common;
			sourceTree = "<group>";
		};
/* End PBXGroup section */

/* Begin PBXNativeTarget section */
		8A1501F52710EE24004B0757 /* FinGame */ = {
			isa = PBXNativeTarget;
			buildConfigurationList = 8A1502042710EE25004B0757 /* Build configuration list for PBXNativeTarget "FinGame" */;
			buildPhases = (
				8A1501F22710EE24004B0757 /* Sources */,
				8A1501F32710EE24004B0757 /* Frameworks */,
				8A1501F42710EE24004B0757 /* Resources */,
			);
			buildRules = (
			);
			dependencies = (
			);
			name = FinGame;
			productName = FinGame;
			productReference = 8A1501F62710EE24004B0757 /* FinGame.app */;
			productType = "com.apple.product-type.application";
		};
/* End PBXNativeTarget section */

/* Begin PBXProject section */
		8A1501EE2710EE24004B0757 /* Project object */ = {
			isa = PBXProject;
			attributes = {
				BuildIndependentTargetsInParallel = 1;
				LastSwiftUpdateCheck = 1300;
				LastUpgradeCheck = 1300;
				TargetAttributes = {
					8A1501F52710EE24004B0757 = {
						CreatedOnToolsVersion = 13.0;
					};
				};
			};
			buildConfigurationList = 8A1501F12710EE24004B0757 /* Build configuration list for PBXProject "FinGame" */;
			compatibilityVersion = "Xcode 13.0";
			developmentRegion = en;
			hasScannedForEncodings = 0;
			knownRegions = (
				en,
				Base,
			);
			mainGroup = 8A1501ED2710EE24004B0757;
			productRefGroup = 8A1501F72710EE24004B0757 /* Products */;
			projectDirPath = "";
			projectRoot = "";
			targets = (
				8A1501F52710EE24004B0757 /* FinGame */,
			);
		};
/* End PBXProject section */

/* Begin PBXResourcesBuildPhase section */
		8A1501F42710EE24004B0757 /* Resources */ = {
			isa = PBXResourcesBuildPhase;
			buildActionMask = 2147483647;
			files = (
				8A1502012710EE25004B0757 /* Preview Assets.xcassets in Resources */,
				8A1501FE2710EE25004B0757 /* Assets.xcassets in Resources */,
			);
			runOnlyForDeploymentPostprocessing = 0;
		};
/* End PBXResourcesBuildPhase section */

/* Begin PBXSourcesBuildPhase section */
		8A1501F22710EE24004B0757 /* Sources */ = {
			isa = PBXSourcesBuildPhase;
			buildActionMask = 2147483647;
			files = (
				8A1501FC2710EE24004B0757 /* ContentView.swift in Sources */,
				8A1502092710FAF5004B0757 /* Card.swift in Sources */,
				8A15021527118BA0004B0757 /* DividerView.swift in Sources */,
				8A15020D27111125004B0757 /* QuizView.swift in Sources */,
				8A15020F27111168004B0757 /* Question.swift in Sources */,
				8AE24B602712AB8100BF147B /* InstructionView.swift in Sources */,
				8A1501FA2710EE24004B0757 /* FinGameApp.swift in Sources */,
				8A15020B271105C1004B0757 /* SwipeContentView.swift in Sources */,
			);
			runOnlyForDeploymentPostprocessing = 0;
		};
/* End PBXSourcesBuildPhase section */

/* Begin XCBuildConfiguration section */
		8A1502022710EE25004B0757 /* Debug */ = {
			isa = XCBuildConfiguration;
			buildSettings = {
				ALWAYS_SEARCH_USER_PATHS = NO;
				CLANG_ANALYZER_NONNULL = YES;
				CLANG_ANALYZER_NUMBER_OBJECT_CONVERSION = YES_AGGRESSIVE;
				CLANG_CXX_LANGUAGE_STANDARD = "gnu++17";
				CLANG_CXX_LIBRARY = "libc++";
				CLANG_ENABLE_MODULES = YES;
				CLANG_ENABLE_OBJC_ARC = YES;
				CLANG_ENABLE_OBJC_WEAK = YES;
				CLANG_WARN_BLOCK_CAPTURE_AUTORELEASING = YES;
				CLANG_WARN_BOOL_CONVERSION = YES;
				CLANG_WARN_COMMA = YES;
				CLANG_WARN_CONSTANT_CONVERSION = YES;
				CLANG_WARN_DEPRECATED_OBJC_IMPLEMENTATIONS = YES;
				CLANG_WARN_DIRECT_OBJC_ISA_USAGE = YES_ERROR;
				CLANG_WARN_DOCUMENTATION_COMMENTS = YES;
				CLANG_WARN_EMPTY_BODY = YES;
				CLANG_WARN_ENUM_CONVERSION = YES;
				CLANG_WARN_INFINITE_RECURSION = YES;
				CLANG_WARN_INT_CONVERSION = YES;
				CLANG_WARN_NON_LITERAL_NULL_CONVERSION = YES;
				CLANG_WARN_OBJC_IMPLICIT_RETAIN_SELF = YES;
				CLANG_WARN_OBJC_LITERAL_CONVERSION = YES;
				CLANG_WARN_OBJC_ROOT_CLASS = YES_ERROR;
				CLANG_WARN_QUOTED_INCLUDE_IN_FRAMEWORK_HEADER = YES;
				CLANG_WARN_RANGE_LOOP_ANALYSIS = YES;
				CLANG_WARN_STRICT_PROTOTYPES = YES;
				CLANG_WARN_SUSPICIOUS_MOVE = YES;
				CLANG_WARN_UNGUARDED_AVAILABILITY = YES_AGGRESSIVE;
				CLANG_WARN_UNREACHABLE_CODE = YES;
				CLANG_WARN__DUPLICATE_METHOD_MATCH = YES;
				COPY_PHASE_STRIP = NO;
				DEBUG_INFORMATION_FORMAT = dwarf;
				ENABLE_STRICT_OBJC_MSGSEND = YES;
				ENABLE_TESTABILITY = YES;
				GCC_C_LANGUAGE_STANDARD = gnu11;
				GCC_DYNAMIC_NO_PIC = NO;
				GCC_NO_COMMON_BLOCKS = YES;
				GCC_OPTIMIZATION_LEVEL = 0;
				GCC_PREPROCESSOR_DEFINITIONS = (
					"DEBUG=1",
					"$(inherited)",
				);
				GCC_WARN_64_TO_32_BIT_CONVERSION = YES;
				GCC_WARN_ABOUT_RETURN_TYPE = YES_ERROR;
				GCC_WARN_UNDECLARED_SELECTOR = YES;
				GCC_WARN_UNINITIALIZED_AUTOS = YES_AGGRESSIVE;
				GCC_WARN_UNUSED_FUNCTION = YES;
				GCC_WARN_UNUSED_VARIABLE = YES;
				IPHONEOS_DEPLOYMENT_TARGET = 15.0;
				MTL_ENABLE_DEBUG_INFO = INCLUDE_SOURCE;
				MTL_FAST_MATH = YES;
				ONLY_ACTIVE_ARCH = YES;
				SDKROOT = iphoneos;
				SWIFT_ACTIVE_COMPILATION_CONDITIONS = DEBUG;
				SWIFT_OPTIMIZATION_LEVEL = "-Onone";
			};
			name = Debug;
		};
		8A1502032710EE25004B0757 /* Release */ = {
			isa = XCBuildConfiguration;
			buildSettings = {
				ALWAYS_SEARCH_USER_PATHS = NO;
				CLANG_ANALYZER_NONNULL = YES;
				CLANG_ANALYZER_NUMBER_OBJECT_CONVERSION = YES_AGGRESSIVE;
				CLANG_CXX_LANGUAGE_STANDARD = "gnu++17";
				CLANG_CXX_LIBRARY = "libc++";
				CLANG_ENABLE_MODULES = YES;
				CLANG_ENABLE_OBJC_ARC = YES;
				CLANG_ENABLE_OBJC_WEAK = YES;
				CLANG_WARN_BLOCK_CAPTURE_AUTORELEASING = YES;
				CLANG_WARN_BOOL_CONVERSION = YES;
				CLANG_WARN_COMMA = YES;
				CLANG_WARN_CONSTANT_CONVERSION = YES;
				CLANG_WARN_DEPRECATED_OBJC_IMPLEMENTATIONS = YES;
				CLANG_WARN_DIRECT_OBJC_ISA_USAGE = YES_ERROR;
				CLANG_WARN_DOCUMENTATION_COMMENTS = YES;
				CLANG_WARN_EMPTY_BODY = YES;
				CLANG_WARN_ENUM_CONVERSION = YES;
				CLANG_WARN_INFINITE_RECURSION = YES;
				CLANG_WARN_INT_CONVERSION = YES;
				CLANG_WARN_NON_LITERAL_NULL_CONVERSION = YES;
				CLANG_WARN_OBJC_IMPLICIT_RETAIN_SELF = YES;
				CLANG_WARN_OBJC_LITERAL_CONVERSION = YES;
				CLANG_WARN_OBJC_ROOT_CLASS = YES_ERROR;
				CLANG_WARN_QUOTED_INCLUDE_IN_FRAMEWORK_HEADER = YES;
				CLANG_WARN_RANGE_LOOP_ANALYSIS = YES;
				CLANG_WARN_STRICT_PROTOTYPES = YES;
				CLANG_WARN_SUSPICIOUS_MOVE = YES;
				CLANG_WARN_UNGUARDED_AVAILABILITY = YES_AGGRESSIVE;
				CLANG_WARN_UNREACHABLE_CODE = YES;
				CLANG_WARN__DUPLICATE_METHOD_MATCH = YES;
				COPY_PHASE_STRIP = NO;
				DEBUG_INFORMATION_FORMAT = "dwarf-with-dsym";
				ENABLE_NS_ASSERTIONS = NO;
				ENABLE_STRICT_OBJC_MSGSEND = YES;
				GCC_C_LANGUAGE_STANDARD = gnu11;
				GCC_NO_COMMON_BLOCKS = YES;
				GCC_WARN_64_TO_32_BIT_CONVERSION = YES;
				GCC_WARN_ABOUT_RETURN_TYPE = YES_ERROR;
				GCC_WARN_UNDECLARED_SELECTOR = YES;
				GCC_WARN_UNINITIALIZED_AUTOS = YES_AGGRESSIVE;
				GCC_WARN_UNUSED_FUNCTION = YES;
				GCC_WARN_UNUSED_VARIABLE = YES;
				IPHONEOS_DEPLOYMENT_TARGET = 15.0;
				MTL_ENABLE_DEBUG_INFO = NO;
				MTL_FAST_MATH = YES;
				SDKROOT = iphoneos;
				SWIFT_COMPILATION_MODE = wholemodule;
				SWIFT_OPTIMIZATION_LEVEL = "-O";
				VALIDATE_PRODUCT = YES;
			};
			name = Release;
		};
		8A1502052710EE25004B0757 /* Debug */ = {
			isa = XCBuildConfiguration;
			buildSettings = {
				ASSETCATALOG_COMPILER_APPICON_NAME = AppIcon;
				ASSETCATALOG_COMPILER_GLOBAL_ACCENT_COLOR_NAME = AccentColor;
				CODE_SIGN_STYLE = Automatic;
				CURRENT_PROJECT_VERSION = 1;
				DEVELOPMENT_ASSET_PATHS = "\"FinGame/Preview Content\"";
				DEVELOPMENT_TEAM = 5FWDYC534G;
				ENABLE_PREVIEWS = YES;
				GENERATE_INFOPLIST_FILE = YES;
				INFOPLIST_KEY_UIApplicationSceneManifest_Generation = YES;
				INFOPLIST_KEY_UIApplicationSupportsIndirectInputEvents = YES;
				INFOPLIST_KEY_UILaunchScreen_Generation = YES;
				INFOPLIST_KEY_UISupportedInterfaceOrientations = UIInterfaceOrientationPortrait;
				INFOPLIST_KEY_UISupportedInterfaceOrientations_iPad = "UIInterfaceOrientationPortrait UIInterfaceOrientationPortraitUpsideDown UIInterfaceOrientationLandscapeLeft UIInterfaceOrientationLandscapeRight";
				INFOPLIST_KEY_UISupportedInterfaceOrientations_iPhone = "UIInterfaceOrientationPortrait UIInterfaceOrientationLandscapeLeft UIInterfaceOrientationLandscapeRight";
				IPHONEOS_DEPLOYMENT_TARGET = 14.0;
				LD_RUNPATH_SEARCH_PATHS = (
					"$(inherited)",
					"@executable_path/Frameworks",
				);
				MARKETING_VERSION = 1.0;
				PRODUCT_BUNDLE_IDENTIFIER = banda.FinGame;
				PRODUCT_NAME = "$(TARGET_NAME)";
				SWIFT_EMIT_LOC_STRINGS = YES;
				SWIFT_VERSION = 5.0;
				TARGETED_DEVICE_FAMILY = "1,2";
			};
			name = Debug;
		};
		8A1502062710EE25004B0757 /* Release */ = {
			isa = XCBuildConfiguration;
			buildSettings = {
				ASSETCATALOG_COMPILER_APPICON_NAME = AppIcon;
				ASSETCATALOG_COMPILER_GLOBAL_ACCENT_COLOR_NAME = AccentColor;
				CODE_SIGN_STYLE = Automatic;
				CURRENT_PROJECT_VERSION = 1;
				DEVELOPMENT_ASSET_PATHS = "\"FinGame/Preview Content\"";
				DEVELOPMENT_TEAM = 5FWDYC534G;
				ENABLE_PREVIEWS = YES;
				GENERATE_INFOPLIST_FILE = YES;
				INFOPLIST_KEY_UIApplicationSceneManifest_Generation = YES;
				INFOPLIST_KEY_UIApplicationSupportsIndirectInputEvents = YES;
				INFOPLIST_KEY_UILaunchScreen_Generation = YES;
				INFOPLIST_KEY_UISupportedInterfaceOrientations = UIInterfaceOrientationPortrait;
				INFOPLIST_KEY_UISupportedInterfaceOrientations_iPad = "UIInterfaceOrientationPortrait UIInterfaceOrientationPortraitUpsideDown UIInterfaceOrientationLandscapeLeft UIInterfaceOrientationLandscapeRight";
				INFOPLIST_KEY_UISupportedInterfaceOrientations_iPhone = "UIInterfaceOrientationPortrait UIInterfaceOrientationLandscapeLeft UIInterfaceOrientationLandscapeRight";
				IPHONEOS_DEPLOYMENT_TARGET = 14.0;
				LD_RUNPATH_SEARCH_PATHS = (
					"$(inherited)",
					"@executable_path/Frameworks",
				);
				MARKETING_VERSION = 1.0;
				PRODUCT_BUNDLE_IDENTIFIER = banda.FinGame;
				PRODUCT_NAME = "$(TARGET_NAME)";
				SWIFT_EMIT_LOC_STRINGS = YES;
				SWIFT_VERSION = 5.0;
				TARGETED_DEVICE_FAMILY = "1,2";
			};
			name = Release;
		};
/* End XCBuildConfiguration section */

/* Begin XCConfigurationList section */
		8A1501F12710EE24004B0757 /* Build configuration list for PBXProject "FinGame" */ = {
			isa = XCConfigurationList;
			buildConfigurations = (
				8A1502022710EE25004B0757 /* Debug */,
				8A1502032710EE25004B0757 /* Release */,
			);
			defaultConfigurationIsVisible = 0;
			defaultConfigurationName = Release;
		};
		8A1502042710EE25004B0757 /* Build configuration list for PBXNativeTarget "FinGame" */ = {
			isa = XCConfigurationList;
			buildConfigurations = (
				8A1502052710EE25004B0757 /* Debug */,
				8A1502062710EE25004B0757 /* Release */,
			);
			defaultConfigurationIsVisible = 0;
			defaultConfigurationName = Release;
		};
/* End XCConfigurationList section */
	};
	rootObject = 8A1501EE2710EE24004B0757 /* Project object */;
}
